
Microsoft Visual Studio Solution File, Format Version 12.00
# Visual Studio Version 16
VisualStudioVersion = 16.0.30711.63
MinimumVisualStudioVersion = 10.0.40219.1
Project("{FAE04EC0-301F-11D3-BF4B-00C04F79EFBC}") = "Dofus.Retro.Supertools", "Dofus.Retro.Supertools.csproj", "{B549BE0B-1C11-4562-969B-035161B227AB}"
EndProject
Global
	GlobalSection(SolutionConfigurationPlatforms) = preSolution
		Debug|Any CPU = Debug|Any CPU
		Release|Any CPU = Release|Any CPU
	EndGlobalSection
	GlobalSection(ProjectConfigurationPlatforms) = postSolution
		{B549BE0B-1C11-4562-969B-035161B227AB}.Debug|Any CPU.ActiveCfg = Debug|Any CPU
		{B549BE0B-1C11-4562-969B-035161B227AB}.Debug|Any CPU.Build.0 = Debug|Any CPU
		{B549BE0B-1C11-4562-969B-035161B227AB}.Release|Any CPU.ActiveCfg = Release|Any CPU
		{B549BE0B-1C11-4562-969B-035161B227AB}.Release|Any CPU.Build.0 = Release|Any CPU
	EndGlobalSection
	GlobalSection(SolutionProperties) = preSolution
		HideSolutionNode = FALSE
	EndGlobalSection
	GlobalSection(ExtensibilityGlobals) = postSolution
		SolutionGuid = {CFAB2639-4DFC-4AB1-9011-9E9BF81E601A}
	EndGlobalSection
EndGlobal
